
Microsoft Visual Studio Solution File, Format Version 12.00
# Visual Studio Version 16
VisualStudioVersion = 16.0.29911.84
MinimumVisualStudioVersion = 10.0.40219.1
Project("{8BC9CEB8-8B4A-11D0-8D11-00A0C91BC942}") = "tools-libpus-linux", "tools-libpus-linux.vcxproj", "{C7521AB1-25E3-4FDD-853D-D3C6BB17C762}"
EndProject
Global
	GlobalSection(SolutionConfigurationPlatforms) = preSolution
		Debug|x86 = Debug|x86
		Release|x86 = Release|x86
	EndGlobalSection
	GlobalSection(ProjectConfigurationPlatforms) = postSolution
		{C7521AB1-25E3-4FDD-853D-D3C6BB17C762}.Debug|x64.ActiveCfg = Debug|Win32
		{C7521AB1-25E3-4FDD-853D-D3C6BB17C762}.Debug|x86.ActiveCfg = Debug|Win32
		{C7521AB1-25E3-4FDD-853D-D3C6BB17C762}.Debug|x86.Build.0 = Debug|Win32
		{C7521AB1-25E3-4FDD-853D-D3C6BB17C762}.Release|x64.ActiveCfg = Release|Win32
		{C7521AB1-25E3-4FDD-853D-D3C6BB17C762}.Release|x86.ActiveCfg = Release|Win32
		{C7521AB1-25E3-4FDD-853D-D3C6BB17C762}.Release|x86.Build.0 = Release|Win32
	EndGlobalSection
	GlobalSection(SolutionProperties) = preSolution
		HideSolutionNode = FALSE
	EndGlobalSection
	GlobalSection(ExtensibilityGlobals) = postSolution
		SolutionGuid = {AC675833-B28A-4029-89D1-873B484D2ED6}
	EndGlobalSection
EndGlobal
